
Microsoft Visual Studio Solution File, Format Version 12.00
# Visual Studio Version 16
VisualStudioVersion = 16.0.29418.71
MinimumVisualStudioVersion = 10.0.40219.1
Project("{8BC9CEB8-8B4A-11D0-8D11-00A0C91BC942}") = "pr2", "pr2.vcxproj", "{CC3DB660-3C82-4B4A-B74C-91338BCF2EAF}"
EndProject
Global
	GlobalSection(SolutionConfigurationPlatforms) = preSolution
		Debug|x64 = Debug|x64
		Debug|x86 = Debug|x86
		Release|x64 = Release|x64
		Release|x86 = Release|x86
	EndGlobalSection
	GlobalSection(ProjectConfigurationPlatforms) = postSolution
		{CC3DB660-3C82-4B4A-B74C-91338BCF2EAF}.Debug|x64.ActiveCfg = Debug|x64
		{CC3DB660-3C82-4B4A-B74C-91338BCF2EAF}.Debug|x64.Build.0 = Debug|x64
		{CC3DB660-3C82-4B4A-B74C-91338BCF2EAF}.Debug|x86.ActiveCfg = Debug|Win32
		{CC3DB660-3C82-4B4A-B74C-91338BCF2EAF}.Debug|x86.Build.0 = Debug|Win32
		{CC3DB660-3C82-4B4A-B74C-91338BCF2EAF}.Release|x64.ActiveCfg = Release|x64
		{CC3DB660-3C82-4B4A-B74C-91338BCF2EAF}.Release|x64.Build.0 = Release|x64
		{CC3DB660-3C82-4B4A-B74C-91338BCF2EAF}.Release|x86.ActiveCfg = Release|Win32
		{CC3DB660-3C82-4B4A-B74C-91338BCF2EAF}.Release|x86.Build.0 = Release|Win32
	EndGlobalSection
	GlobalSection(SolutionProperties) = preSolution
		HideSolutionNode = FALSE
	EndGlobalSection
	GlobalSection(ExtensibilityGlobals) = postSolution
		SolutionGuid = {ADADF5B1-D034-4A7A-A642-D228DB8C8F01}
	EndGlobalSection
EndGlobal
